
Microsoft Visual Studio Solution File, Format Version 12.00
# Visual Studio Version 16
VisualStudioVersion = 16.0.30611.23
MinimumVisualStudioVersion = 10.0.40219.1
Project("{FAE04EC0-301F-11D3-BF4B-00C04F79EFBC}") = "EnglishWhale", "EnglishWhale\EnglishWhale.csproj", "{620801DC-73AD-4B81-9259-9F534583F46D}"
EndProject
Global
	GlobalSection(SolutionConfigurationPlatforms) = preSolution
		Debug|Any CPU = Debug|Any CPU
		Release|Any CPU = Release|Any CPU
	EndGlobalSection
	GlobalSection(ProjectConfigurationPlatforms) = postSolution
		{620801DC-73AD-4B81-9259-9F534583F46D}.Debug|Any CPU.ActiveCfg = Debug|Any CPU
		{620801DC-73AD-4B81-9259-9F534583F46D}.Debug|Any CPU.Build.0 = Debug|Any CPU
		{620801DC-73AD-4B81-9259-9F534583F46D}.Release|Any CPU.ActiveCfg = Release|Any CPU
		{620801DC-73AD-4B81-9259-9F534583F46D}.Release|Any CPU.Build.0 = Release|Any CPU
	EndGlobalSection
	GlobalSection(SolutionProperties) = preSolution
		HideSolutionNode = FALSE
	EndGlobalSection
	GlobalSection(ExtensibilityGlobals) = postSolution
		SolutionGuid = {8FE6C244-0466-4E8D-B1B3-D37ECC64A0B0}
	EndGlobalSection
EndGlobal
